
Microsoft Visual Studio Solution File, Format Version 12.00
# Visual Studio Version 17
VisualStudioVersion = 17.9.34728.123
MinimumVisualStudioVersion = 10.0.40219.1
Project("{FAE04EC0-301F-11D3-BF4B-00C04F79EFBC}") = "RestoManagSys", "RestoManagSys\RestoManagSys.csproj", "{6BCB2931-8F89-4E56-93E8-F3BCF30A444F}"
EndProject
Global
	GlobalSection(SolutionConfigurationPlatforms) = preSolution
		Debug|Any CPU = Debug|Any CPU
		Release|Any CPU = Release|Any CPU
	EndGlobalSection
	GlobalSection(ProjectConfigurationPlatforms) = postSolution
		{6BCB2931-8F89-4E56-93E8-F3BCF30A444F}.Debug|Any CPU.ActiveCfg = Debug|Any CPU
		{6BCB2931-8F89-4E56-93E8-F3BCF30A444F}.Debug|Any CPU.Build.0 = Debug|Any CPU
		{6BCB2931-8F89-4E56-93E8-F3BCF30A444F}.Release|Any CPU.ActiveCfg = Release|Any CPU
		{6BCB2931-8F89-4E56-93E8-F3BCF30A444F}.Release|Any CPU.Build.0 = Release|Any CPU
	EndGlobalSection
	GlobalSection(SolutionProperties) = preSolution
		HideSolutionNode = FALSE
	EndGlobalSection
	GlobalSection(ExtensibilityGlobals) = postSolution
		SolutionGuid = {C6988C06-3221-4417-94B0-9818CD1182E4}
	EndGlobalSection
EndGlobal
